PODS:
  - FlutterMacOS (1.0.0)
  - foma (0.0.1):
    - FlutterMacOS

DEPENDENCIES:
  - FlutterMacOS (from `Flutter/ephemeral`)
  - foma (from `Flutter/ephemeral/.symlinks/plugins/foma/macos`)

EXTERNAL SOURCES:
  FlutterMacOS:
    :path: Flutter/ephemeral
  foma:
    :path: Flutter/ephemeral/.symlinks/plugins/foma/macos

SPEC CHECKSUMS:
  FlutterMacOS: ae6af50a8ea7d6103d888583d46bd8328a7e9811
  foma: 42110be21f9b4956b19ae4d7a9d896833fcbabe9

PODFILE CHECKSUM: 6eac6b3292e5142cfc23bdeb71848a40ec51c14c

COCOAPODS: 1.11.3
